// !$*UTF8*$!
{
	archiveVersion = 1;
	classes = {
	};
	objectVersion = 56;
	objects = {

/* Begin PBXBuildFile section */
		574FB48DA57C84D5EFB627FD /* Pods_Socket_Demo.framework in Frameworks */ = {isa = PBXBuildFile; fileRef = B4BA568CBD20CE02C20C9EC4 /* Pods_Socket_Demo.framework */; };
		EE2BCC012A398206008800F5 /* AppDelegate.swift in Sources */ = {isa = PBXBuildFile; fileRef = EE2BCC002A398206008800F5 /* AppDelegate.swift */; };
		EE2BCC032A398206008800F5 /* SceneDelegate.swift in Sources */ = {isa = PBXBuildFile; fileRef = EE2BCC022A398206008800F5 /* SceneDelegate.swift */; };
		EE2BCC052A398206008800F5 /* ViewController.swift in Sources */ = {isa = PBXBuildFile; fileRef = EE2BCC042A398206008800F5 /* ViewController.swift */; };
		EE2BCC082A398206008800F5 /* Main.storyboard in Resources */ = {isa = PBXBuildFile; fileRef = EE2BCC062A398206008800F5 /* Main.storyboard */; };
		EE2BCC0A2A398208008800F5 /* Assets.xcassets in Resources */ = {isa = PBXBuildFile; fileRef = EE2BCC092A398208008800F5 /* Assets.xcassets */; };
		EE2BCC0D2A398208008800F5 /* LaunchScreen.storyboard in Resources */ = {isa = PBXBuildFile; fileRef = EE2BCC0B2A398208008800F5 /* LaunchScreen.storyboard */; };
		EE36D67A2A39877900CBF478 /* SocketIOManager.swift in Sources */ = {isa = PBXBuildFile; fileRef = EE36D6792A39877900CBF478 /* SocketIOManager.swift */; };
/* End PBXBuildFile section */

/* Begin PBXFileReference section */
		1C4ECF4C25DD3FA0E5061428 /* Pods-Socket Demo.debug.xcconfig */ = {isa = PBXFileReference; includeInIndex = 1; lastKnownFileType = text.xcconfig; name = "Pods-Socket Demo.debug.xcconfig"; path = "Target Support Files/Pods-Socket Demo/Pods-Socket Demo.debug.xcconfig"; sourceTree = "<group>"; };
		AE8256C2B48D94A30873DE78 /* Pods-Socket Demo.release.xcconfig */ = {isa = PBXFileReference; includeInIndex = 1; lastKnownFileType = text.xcconfig; name = "Pods-Socket Demo.release.xcconfig"; path = "Target Support Files/Pods-Socket Demo/Pods-Socket Demo.release.xcconfig"; sourceTree = "<group>"; };
		B4BA568CBD20CE02C20C9EC4 /* Pods_Socket_Demo.framework */ = {isa = PBXFileReference; explicitFileType = wrapper.framework; includeInIndex = 0; path = Pods_Socket_Demo.framework; sourceTree = BUILT_PRODUCTS_DIR; };
		EE2BCBFD2A398206008800F5 /* Socket Demo.app */ = {isa = PBXFileReference; explicitFileType = wrapper.application; includeInIndex = 0; path = "Socket Demo.app"; sourceTree = BUILT_PRODUCTS_DIR; };
		EE2BCC002A398206008800F5 /* AppDelegate.swift */ = {isa = PBXFileReference; lastKnownFileType = sourcecode.swift; path = AppDelegate.swift; sourceTree = "<group>"; };
		EE2BCC022A398206008800F5 /* SceneDelegate.swift */ = {isa = PBXFileReference; lastKnownFileType = sourcecode.swift; path = SceneDelegate.swift; sourceTree = "<group>"; };
		EE2BCC042A398206008800F5 /* ViewController.swift */ = {isa = PBXFileReference; lastKnownFileType = sourcecode.swift; path = ViewController.swift; sourceTree = "<group>"; };
		EE2BCC072A398206008800F5 /* Base */ = {isa = PBXFileReference; lastKnownFileType = file.storyboard; name = Base; path = Base.lproj/Main.storyboard; sourceTree = "<group>"; };
		EE2BCC092A398208008800F5 /* Assets.xcassets */ = {isa = PBXFileReference; lastKnownFileType = folder.assetcatalog; path = Assets.xcassets; sourceTree = "<group>"; };
		EE2BCC0C2A398208008800F5 /* Base */ = {isa = PBXFileReference; lastKnownFileType = file.storyboard; name = Base; path = Base.lproj/LaunchScreen.storyboard; sourceTree = "<group>"; };
		EE2BCC0E2A398208008800F5 /* Info.plist */ = {isa = PBXFileReference; lastKnownFileType = text.plist.xml; path = Info.plist; sourceTree = "<group>"; };
		EE36D6792A39877900CBF478 /* SocketIOManager.swift */ = {isa = PBXFileReference; lastKnownFileType = sourcecode.swift; path = SocketIOManager.swift; sourceTree = "<group>"; };
/* End PBXFileReference section */

/* Begin PBXFrameworksBuildPhase section */
		EE2BCBFA2A398206008800F5 /* Frameworks */ = {
			isa = PBXFrameworksBuildPhase;
			buildActionMask = 2147483647;
			files = (
				574FB48DA57C84D5EFB627FD /* Pods_Socket_Demo.framework in Frameworks */,
			);
			runOnlyForDeploymentPostprocessing = 0;
		};
/* End PBXFrameworksBuildPhase section */

/* Begin PBXGroup section */
		8D8B7010C6BD45C6F9D36019 /* Frameworks */ = {
			isa = PBXGroup;
			children = (
				B4BA568CBD20CE02C20C9EC4 /* Pods_Socket_Demo.framework */,
			);
			name = Frameworks;
			sourceTree = "<group>";
		};
		D4FD3BA19921EDC6B82CEF02 /* Pods */ = {
			isa = PBXGroup;
			children = (
				1C4ECF4C25DD3FA0E5061428 /* Pods-Socket Demo.debug.xcconfig */,
				AE8256C2B48D94A30873DE78 /* Pods-Socket Demo.release.xcconfig */,
			);
			path = Pods;
			sourceTree = "<group>";
		};
		EE2BCBF42A398206008800F5 = {
			isa = PBXGroup;
			children = (
				EE2BCBFF2A398206008800F5 /* Socket Demo */,
				EE2BCBFE2A398206008800F5 /* Products */,
				D4FD3BA19921EDC6B82CEF02 /* Pods */,
				8D8B7010C6BD45C6F9D36019 /* Frameworks */,
			);
			sourceTree = "<group>";
		};
		EE2BCBFE2A398206008800F5 /* Products */ = {
			isa = PBXGroup;
			children = (
				EE2BCBFD2A398206008800F5 /* Socket Demo.app */,
			);
			name = Products;
			sourceTree = "<group>";
		};
		EE2BCBFF2A398206008800F5 /* Socket Demo */ = {
			isa = PBXGroup;
			children = (
				EE2BCC002A398206008800F5 /* AppDelegate.swift */,
				EE2BCC022A398206008800F5 /* SceneDelegate.swift */,
				EE2BCC042A398206008800F5 /* ViewController.swift */,
				EE2BCC062A398206008800F5 /* Main.storyboard */,
				EE2BCC092A398208008800F5 /* Assets.xcassets */,
				EE2BCC0B2A398208008800F5 /* LaunchScreen.storyboard */,
				EE2BCC0E2A398208008800F5 /* Info.plist */,
				EE36D6792A39877900CBF478 /* SocketIOManager.swift */,
			);
			path = "Socket Demo";
			sourceTree = "<group>";
		};
/* End PBXGroup section */

/* Begin PBXNativeTarget section */
		EE2BCBFC2A398206008800F5 /* Socket Demo */ = {
			isa = PBXNativeTarget;
			buildConfigurationList = EE2BCC112A398208008800F5 /* Build configuration list for PBXNativeTarget "Socket Demo" */;
			buildPhases = (
				70B4E20D38536C677B8A394C /* [CP] Check Pods Manifest.lock */,
				EE2BCBF92A398206008800F5 /* Sources */,
				EE2BCBFA2A398206008800F5 /* Frameworks */,
				EE2BCBFB2A398206008800F5 /* Resources */,
				3A525FC0BE27199B430FC7ED /* [CP] Embed Pods Frameworks */,
			);
			buildRules = (
			);
			dependencies = (
			);
			name = "Socket Demo";
			productName = "Socket Demo";
			productReference = EE2BCBFD2A398206008800F5 /* Socket Demo.app */;
			productType = "com.apple.product-type.application";
		};
/* End PBXNativeTarget section */

/* Begin PBXProject section */
		EE2BCBF52A398206008800F5 /* Project object */ = {
			isa = PBXProject;
			attributes = {
				BuildIndependentTargetsInParallel = 1;
				LastSwiftUpdateCheck = 1420;
				LastUpgradeCheck = 1420;
				TargetAttributes = {
					EE2BCBFC2A398206008800F5 = {
						CreatedOnToolsVersion = 14.2;
					};
				};
			};
			buildConfigurationList = EE2BCBF82A398206008800F5 /* Build configuration list for PBXProject "Socket Demo" */;
			compatibilityVersion = "Xcode 14.0";
			developmentRegion = en;
			hasScannedForEncodings = 0;
			knownRegions = (
				en,
				Base,
			);
			mainGroup = EE2BCBF42A398206008800F5;
			productRefGroup = EE2BCBFE2A398206008800F5 /* Products */;
			projectDirPath = "";
			projectRoot = "";
			targets = (
				EE2BCBFC2A398206008800F5 /* Socket Demo */,
			);
		};
/* End PBXProject section */

/* Begin PBXResourcesBuildPhase section */
		EE2BCBFB2A398206008800F5 /* Resources */ = {
			isa = PBXResourcesBuildPhase;
			buildActionMask = 2147483647;
			files = (
				EE2BCC0D2A398208008800F5 /* LaunchScreen.storyboard in Resources */,
				EE2BCC0A2A398208008800F5 /* Assets.xcassets in Resources */,
				EE2BCC082A398206008800F5 /* Main.storyboard in Resources */,
			);
			runOnlyForDeploymentPostprocessing = 0;
		};
/* End PBXResourcesBuildPhase section */

/* Begin PBXShellScriptBuildPhase section */
		3A525FC0BE27199B430FC7ED /* [CP] Embed Pods Frameworks */ = {
			isa = PBXShellScriptBuildPhase;
			buildActionMask = 2147483647;
			files = (
			);
			inputFileListPaths = (
				"${PODS_ROOT}/Target Support Files/Pods-Socket Demo/Pods-Socket Demo-frameworks-${CONFIGURATION}-input-files.xcfilelist",
			);
			name = "[CP] Embed Pods Frameworks";
			outputFileListPaths = (
				"${PODS_ROOT}/Target Support Files/Pods-Socket Demo/Pods-Socket Demo-frameworks-${CONFIGURATION}-output-files.xcfilelist",
			);
			runOnlyForDeploymentPostprocessing = 0;
			shellPath = /bin/sh;
			shellScript = "\"${PODS_ROOT}/Target Support Files/Pods-Socket Demo/Pods-Socket Demo-frameworks.sh\"\n";
			showEnvVarsInLog = 0;
		};
		70B4E20D38536C677B8A394C /* [CP] Check Pods Manifest.lock */ = {
			isa = PBXShellScriptBuildPhase;
			buildActionMask = 2147483647;
			files = (
			);
			inputFileListPaths = (
			);
			inputPaths = (
				"${PODS_PODFILE_DIR_PATH}/Podfile.lock",
				"${PODS_ROOT}/Manifest.lock",
			);
			name = "[CP] Check Pods Manifest.lock";
			outputFileListPaths = (
			);
			outputPaths = (
				"$(DERIVED_FILE_DIR)/Pods-Socket Demo-checkManifestLockResult.txt",
			);
			runOnlyForDeploymentPostprocessing = 0;
			shellPath = /bin/sh;
			shellScript = "diff \"${PODS_PODFILE_DIR_PATH}/Podfile.lock\" \"${PODS_ROOT}/Manifest.lock\" > /dev/null\nif [ $? != 0 ] ; then\n    # print error to STDERR\n    echo \"error: The sandbox is not in sync with the Podfile.lock. Run 'pod install' or update your CocoaPods installation.\" >&2\n    exit 1\nfi\n# This output is used by Xcode 'outputs' to avoid re-running this script phase.\necho \"SUCCESS\" > \"${SCRIPT_OUTPUT_FILE_0}\"\n";
			showEnvVarsInLog = 0;
		};
/* End PBXShellScriptBuildPhase section */

/* Begin PBXSourcesBuildPhase section */
		EE2BCBF92A398206008800F5 /* Sources */ = {
			isa = PBXSourcesBuildPhase;
			buildActionMask = 2147483647;
			files = (
				EE36D67A2A39877900CBF478 /* SocketIOManager.swift in Sources */,
				EE2BCC052A398206008800F5 /* ViewController.swift in Sources */,
				EE2BCC012A398206008800F5 /* AppDelegate.swift in Sources */,
				EE2BCC032A398206008800F5 /* SceneDelegate.swift in Sources */,
			);
			runOnlyForDeploymentPostprocessing = 0;
		};
/* End PBXSourcesBuildPhase section */

/* Begin PBXVariantGroup section */
		EE2BCC062A398206008800F5 /* Main.storyboard */ = {
			isa = PBXVariantGroup;
			children = (
				EE2BCC072A398206008800F5 /* Base */,
			);
			name = Main.storyboard;
			sourceTree = "<group>";
		};
		EE2BCC0B2A398208008800F5 /* LaunchScreen.storyboard */ = {
			isa = PBXVariantGroup;
			children = (
				EE2BCC0C2A398208008800F5 /* Base */,
			);
			name = LaunchScreen.storyboard;
			sourceTree = "<group>";
		};
/* End PBXVariantGroup section */

/* Begin XCBuildConfiguration section */
		EE2BCC0F2A398208008800F5 /* Debug */ = {
			isa = XCBuildConfiguration;
			buildSettings = {
				ALWAYS_SEARCH_USER_PATHS = NO;
				CLANG_ANALYZER_NONNULL = YES;
				CLANG_ANALYZER_NUMBER_OBJECT_CONVERSION = YES_AGGRESSIVE;
				CLANG_CXX_LANGUAGE_STANDARD = "gnu++20";
				CLANG_ENABLE_MODULES = YES;
				CLANG_ENABLE_OBJC_ARC = YES;
				CLANG_ENABLE_OBJC_WEAK = YES;
				CLANG_WARN_BLOCK_CAPTURE_AUTORELEASING = YES;
				CLANG_WARN_BOOL_CONVERSION = YES;
				CLANG_WARN_COMMA = YES;
				CLANG_WARN_CONSTANT_CONVERSION = YES;
				CLANG_WARN_DEPRECATED_OBJC_IMPLEMENTATIONS = YES;
				CLANG_WARN_DIRECT_OBJC_ISA_USAGE = YES_ERROR;
				CLANG_WARN_DOCUMENTATION_COMMENTS = YES;
				CLANG_WARN_EMPTY_BODY = YES;
				CLANG_WARN_ENUM_CONVERSION = YES;
				CLANG_WARN_INFINITE_RECURSION = YES;
				CLANG_WARN_INT_CONVERSION = YES;
				CLANG_WARN_NON_LITERAL_NULL_CONVERSION = YES;
				CLANG_WARN_OBJC_IMPLICIT_RETAIN_SELF = YES;
				CLANG_WARN_OBJC_LITERAL_CONVERSION = YES;
				CLANG_WARN_OBJC_ROOT_CLASS = YES_ERROR;
				CLANG_WARN_QUOTED_INCLUDE_IN_FRAMEWORK_HEADER = YES;
				CLANG_WARN_RANGE_LOOP_ANALYSIS = YES;
				CLANG_WARN_STRICT_PROTOTYPES = YES;
				CLANG_WARN_SUSPICIOUS_MOVE = YES;
				CLANG_WARN_UNGUARDED_AVAILABILITY = YES_AGGRESSIVE;
				CLANG_WARN_UNREACHABLE_CODE = YES;
				CLANG_WARN__DUPLICATE_METHOD_MATCH = YES;
				COPY_PHASE_STRIP = NO;
				DEBUG_INFORMATION_FORMAT = dwarf;
				ENABLE_STRICT_OBJC_MSGSEND = YES;
				ENABLE_TESTABILITY = YES;
				GCC_C_LANGUAGE_STANDARD = gnu11;
				GCC_DYNAMIC_NO_PIC = NO;
				GCC_NO_COMMON_BLOCKS = YES;
				GCC_OPTIMIZATION_LEVEL = 0;
				GCC_PREPROCESSOR_DEFINITIONS = (
					"DEBUG=1",
					"$(inherited)",
				);
				GCC_WARN_64_TO_32_BIT_CONVERSION = YES;
				GCC_WARN_ABOUT_RETURN_TYPE = YES_ERROR;
				GCC_WARN_UNDECLARED_SELECTOR = YES;
				GCC_WARN_UNINITIALIZED_AUTOS = YES_AGGRESSIVE;
				GCC_WARN_UNUSED_FUNCTION = YES;
				GCC_WARN_UNUSED_VARIABLE = YES;
				IPHONEOS_DEPLOYMENT_TARGET = 16.2;
				MTL_ENABLE_DEBUG_INFO = INCLUDE_SOURCE;
				MTL_FAST_MATH = YES;
				ONLY_ACTIVE_ARCH = YES;
				SDKROOT = iphoneos;
				SWIFT_ACTIVE_COMPILATION_CONDITIONS = DEBUG;
				SWIFT_OPTIMIZATION_LEVEL = "-Onone";
			};
			name = Debug;
		};
		EE2BCC102A398208008800F5 /* Release */ = {
			isa = XCBuildConfiguration;
			buildSettings = {
				ALWAYS_SEARCH_USER_PATHS = NO;
				CLANG_ANALYZER_NONNULL = YES;
				CLANG_ANALYZER_NUMBER_OBJECT_CONVERSION = YES_AGGRESSIVE;
				CLANG_CXX_LANGUAGE_STANDARD = "gnu++20";
				CLANG_ENABLE_MODULES = YES;
				CLANG_ENABLE_OBJC_ARC = YES;
				CLANG_ENABLE_OBJC_WEAK = YES;
				CLANG_WARN_BLOCK_CAPTURE_AUTORELEASING = YES;
				CLANG_WARN_BOOL_CONVERSION = YES;
				CLANG_WARN_COMMA = YES;
				CLANG_WARN_CONSTANT_CONVERSION = YES;
				CLANG_WARN_DEPRECATED_OBJC_IMPLEMENTATIONS = YES;
				CLANG_WARN_DIRECT_OBJC_ISA_USAGE = YES_ERROR;
				CLANG_WARN_DOCUMENTATION_COMMENTS = YES;
				CLANG_WARN_EMPTY_BODY = YES;
				CLANG_WARN_ENUM_CONVERSION = YES;
				CLANG_WARN_INFINITE_RECURSION = YES;
				CLANG_WARN_INT_CONVERSION = YES;
				CLANG_WARN_NON_LITERAL_NULL_CONVERSION = YES;
				CLANG_WARN_OBJC_IMPLICIT_RETAIN_SELF = YES;
				CLANG_WARN_OBJC_LITERAL_CONVERSION = YES;
				CLANG_WARN_OBJC_ROOT_CLASS = YES_ERROR;
				CLANG_WARN_QUOTED_INCLUDE_IN_FRAMEWORK_HEADER = YES;
				CLANG_WARN_RANGE_LOOP_ANALYSIS = YES;
				CLANG_WARN_STRICT_PROTOTYPES = YES;
				CLANG_WARN_SUSPICIOUS_MOVE = YES;
				CLANG_WARN_UNGUARDED_AVAILABILITY = YES_AGGRESSIVE;
				CLANG_WARN_UNREACHABLE_CODE = YES;
				CLANG_WARN__DUPLICATE_METHOD_MATCH = YES;
				COPY_PHASE_STRIP = NO;
				DEBUG_INFORMATION_FORMAT = "dwarf-with-dsym";
				ENABLE_NS_ASSERTIONS = NO;
				ENABLE_STRICT_OBJC_MSGSEND = YES;
				GCC_C_LANGUAGE_STANDARD = gnu11;
				GCC_NO_COMMON_BLOCKS = YES;
				GCC_WARN_64_TO_32_BIT_CONVERSION = YES;
				GCC_WARN_ABOUT_RETURN_TYPE = YES_ERROR;
				GCC_WARN_UNDECLARED_SELECTOR = YES;
				GCC_WARN_UNINITIALIZED_AUTOS = YES_AGGRESSIVE;
				GCC_WARN_UNUSED_FUNCTION = YES;
				GCC_WARN_UNUSED_VARIABLE = YES;
				IPHONEOS_DEPLOYMENT_TARGET = 16.2;
				MTL_ENABLE_DEBUG_INFO = NO;
				MTL_FAST_MATH = YES;
				SDKROOT = iphoneos;
				SWIFT_COMPILATION_MODE = wholemodule;
				SWIFT_OPTIMIZATION_LEVEL = "-O";
				VALIDATE_PRODUCT = YES;
			};
			name = Release;
		};
		EE2BCC122A398208008800F5 /* Debug */ = {
			isa = XCBuildConfiguration;
			baseConfigurationReference = 1C4ECF4C25DD3FA0E5061428 /* Pods-Socket Demo.debug.xcconfig */;
			buildSettings = {
				ASSETCATALOG_COMPILER_APPICON_NAME = AppIcon;
				ASSETCATALOG_COMPILER_GLOBAL_ACCENT_COLOR_NAME = AccentColor;
				CODE_SIGN_STYLE = Automatic;
				CURRENT_PROJECT_VERSION = 1;
				GENERATE_INFOPLIST_FILE = YES;
				INFOPLIST_FILE = "Socket Demo/Info.plist";
				INFOPLIST_KEY_UIApplicationSupportsIndirectInputEvents = YES;
				INFOPLIST_KEY_UILaunchStoryboardName = LaunchScreen;
				INFOPLIST_KEY_UIMainStoryboardFile = Main;
				INFOPLIST_KEY_UISupportedInterfaceOrientations_iPad = "UIInterfaceOrientationPortrait UIInterfaceOrientationPortraitUpsideDown UIInterfaceOrientationLandscapeLeft UIInterfaceOrientationLandscapeRight";
				INFOPLIST_KEY_UISupportedInterfaceOrientations_iPhone = "UIInterfaceOrientationPortrait UIInterfaceOrientationLandscapeLeft UIInterfaceOrientationLandscapeRight";
				LD_RUNPATH_SEARCH_PATHS = (
					"$(inherited)",
					"@executable_path/Frameworks",
				);
				MARKETING_VERSION = 1.0;
				PRODUCT_BUNDLE_IDENTIFIER = "com.kiran.Socket-Demo";
				PRODUCT_NAME = "$(TARGET_NAME)";
				SWIFT_EMIT_LOC_STRINGS = YES;
				SWIFT_VERSION = 5.0;
				TARGETED_DEVICE_FAMILY = "1,2";
			};
			name = Debug;
		};
		EE2BCC132A398208008800F5 /* Release */ = {
			isa = XCBuildConfiguration;
			baseConfigurationReference = AE8256C2B48D94A30873DE78 /* Pods-Socket Demo.release.xcconfig */;
			buildSettings = {
				ASSETCATALOG_COMPILER_APPICON_NAME = AppIcon;
				ASSETCATALOG_COMPILER_GLOBAL_ACCENT_COLOR_NAME = AccentColor;
				CODE_SIGN_STYLE = Automatic;
				CURRENT_PROJECT_VERSION = 1;
				GENERATE_INFOPLIST_FILE = YES;
				INFOPLIST_FILE = "Socket Demo/Info.plist";
				INFOPLIST_KEY_UIApplicationSupportsIndirectInputEvents = YES;
				INFOPLIST_KEY_UILaunchStoryboardName = LaunchScreen;
				INFOPLIST_KEY_UIMainStoryboardFile = Main;
				INFOPLIST_KEY_UISupportedInterfaceOrientations_iPad = "UIInterfaceOrientationPortrait UIInterfaceOrientationPortraitUpsideDown UIInterfaceOrientationLandscapeLeft UIInterfaceOrientationLandscapeRight";
				INFOPLIST_KEY_UISupportedInterfaceOrientations_iPhone = "UIInterfaceOrientationPortrait UIInterfaceOrientationLandscapeLeft UIInterfaceOrientationLandscapeRight";
				LD_RUNPATH_SEARCH_PATHS = (
					"$(inherited)",
					"@executable_path/Frameworks",
				);
				MARKETING_VERSION = 1.0;
				PRODUCT_BUNDLE_IDENTIFIER = "com.kiran.Socket-Demo";
				PRODUCT_NAME = "$(TARGET_NAME)";
				SWIFT_EMIT_LOC_STRINGS = YES;
				SWIFT_VERSION = 5.0;
				TARGETED_DEVICE_FAMILY = "1,2";
			};
			name = Release;
		};
/* End XCBuildConfiguration section */

/* Begin XCConfigurationList section */
		EE2BCBF82A398206008800F5 /* Build configuration list for PBXProject "Socket Demo" */ = {
			isa = XCConfigurationList;
			buildConfigurations = (
				EE2BCC0F2A398208008800F5 /* Debug */,
				EE2BCC102A398208008800F5 /* Release */,
			);
			defaultConfigurationIsVisible = 0;
			defaultConfigurationName = Release;
		};
		EE2BCC112A398208008800F5 /* Build configuration list for PBXNativeTarget "Socket Demo" */ = {
			isa = XCConfigurationList;
			buildConfigurations = (
				EE2BCC122A398208008800F5 /* Debug */,
				EE2BCC132A398208008800F5 /* Release */,
			);
			defaultConfigurationIsVisible = 0;
			defaultConfigurationName = Release;
		};
/* End XCConfigurationList section */
	};
	rootObject = EE2BCBF52A398206008800F5 /* Project object */;
}
